PODS:
  - Flutter (1.0.0)
  - flutter_vm (0.0.1):
    - Flutter

DEPENDENCIES:
  - Flutter (from `Flutter`)
  - flutter_vm (from `.symlinks/plugins/flutter_vm/ios`)

EXTERNAL SOURCES:
  Flutter:
    :path: Flutter
  flutter_vm:
    :path: ".symlinks/plugins/flutter_vm/ios"

SPEC CHECKSUMS:
  Flutter: 50d75fe2f02b26cc09d224853bb45737f8b3214a
  flutter_vm: bfcc0b5e35c959e6a7c856340f8c299c503568e6

PODFILE CHECKSUM: 8e679eca47255a8ca8067c4c67aab20e64cb974d

COCOAPODS: 1.11.3
